Microsoft Visual Studio Solution File, Format Version 12.00
# Visual Studio Version 17
VisualStudioVersion = 17.13.35913.81
MinimumVisualStudioVersion = 10.0.40219.1
Project("{FAE04EC0-301F-11D3-BF4B-00C04F79EFBC}") = "Algartmo 1", "Algartmo 1\Algartmo 1.csproj", "{73105EFB-3173-4D77-9B47-9C39A77D5002}"
EndProject
Global
	GlobalSection(SolutionConfigurationPlatforms) = preSolution
		Debug|Any CPU = Debug|Any CPU
		Release|Any CPU = Release|Any CPU
	EndGlobalSection
	GlobalSection(ProjectConfigurationPlatforms) = postSolution
		{73105EFB-3173-4D77-9B47-9C39A77D5002}.Debug|Any CPU.ActiveCfg = Debug|Any CPU
		{73105EFB-3173-4D77-9B47-9C39A77D5002}.Debug|Any CPU.Build.0 = Debug|Any CPU
		{73105EFB-3173-4D77-9B47-9C39A77D5002}.Release|Any CPU.ActiveCfg = Release|Any CPU
		{73105EFB-3173-4D77-9B47-9C39A77D5002}.Release|Any CPU.Build.0 = Release|Any CPU
	EndGlobalSection
	GlobalSection(SolutionProperties) = preSolution
		HideSolutionNode = FALSE
	EndGlobalSection
	GlobalSection(ExtensibilityGlobals) = postSolution
		SolutionGuid = {B47FDA65-8630-4783-81BF-0ED44049AB69}
	EndGlobalSection
EndGlobal
